
Microsoft Visual Studio Solution File, Format Version 12.00
# Visual Studio Version 17
VisualStudioVersion = 17.7.34031.279
MinimumVisualStudioVersion = 10.0.40219.1
Project("{FAE04EC0-301F-11D3-BF4B-00C04F79EFBC}") = "DZ8", "DZ8\DZ8.csproj", "{6B72E0E3-11FB-4D35-AF65-1EFCBDA85C44}"
EndProject
Project("{FAE04EC0-301F-11D3-BF4B-00C04F79EFBC}") = "TumakovLab_9", "TumakovLab_9\TumakovLab_9.csproj", "{D1C24216-9B09-4A17-ACB9-442976D9E9B3}"
EndProject
Global
	GlobalSection(SolutionConfigurationPlatforms) = preSolution
		Debug|Any CPU = Debug|Any CPU
		Release|Any CPU = Release|Any CPU
	EndGlobalSection
	GlobalSection(ProjectConfigurationPlatforms) = postSolution
		{6B72E0E3-11FB-4D35-AF65-1EFCBDA85C44}.Debug|Any CPU.ActiveCfg = Debug|Any CPU
		{6B72E0E3-11FB-4D35-AF65-1EFCBDA85C44}.Debug|Any CPU.Build.0 = Debug|Any CPU
		{6B72E0E3-11FB-4D35-AF65-1EFCBDA85C44}.Release|Any CPU.ActiveCfg = Release|Any CPU
		{6B72E0E3-11FB-4D35-AF65-1EFCBDA85C44}.Release|Any CPU.Build.0 = Release|Any CPU
		{D1C24216-9B09-4A17-ACB9-442976D9E9B3}.Debug|Any CPU.ActiveCfg = Debug|Any CPU
		{D1C24216-9B09-4A17-ACB9-442976D9E9B3}.Debug|Any CPU.Build.0 = Debug|Any CPU
		{D1C24216-9B09-4A17-ACB9-442976D9E9B3}.Release|Any CPU.ActiveCfg = Release|Any CPU
		{D1C24216-9B09-4A17-ACB9-442976D9E9B3}.Release|Any CPU.Build.0 = Release|Any CPU
	EndGlobalSection
	GlobalSection(SolutionProperties) = preSolution
		HideSolutionNode = FALSE
	EndGlobalSection
	GlobalSection(ExtensibilityGlobals) = postSolution
		SolutionGuid = {21F36E49-BD8D-40F3-A9D7-954046CE66BC}
	EndGlobalSection
EndGlobal
